{
  "nodes": {
    "nixos": {
      "locked": {
        "lastModified": 1669230746,
        "narHash": "sha256-+rU3DixJnygpJsGhhp6OvViruJux4TaiCz4IO+DdtZU=",
        "owner": "NixOS",
        "repo": "nixpkgs",
        "rev": "42337aad353c5efff4382d7bf99deda491459845",
        "type": "github"
      },
      "original": {
        "id": "nixpkgs",
        "ref": "nixos-unstable",
        "type": "indirect"
      }
    },
    "root": {
      "inputs": {
        "nixos": "nixos"
      }
    }
  },
  "root": "root",
  "version": 7
}
