{
  "nodes": {
    "nixos": {
      "locked": {
        "lastModified": 1698623122,
        "narHash": "sha256-XvPTlQ9jYo4f9SIl5YCn5LbBe7Rf/sTC02IxNlCBVKk=",
        "owner": "NixOS",
        "repo": "nixpkgs",
        "rev": "fd60b2a5ce46b5dd24748950170b9e17d208bdc0",
        "type": "github"
      },
      "original": {
        "id": "nixpkgs",
        "ref": "master",
        "type": "indirect"
      }
    },
    "root": {
      "inputs": {
        "nixos": "nixos"
      }
    }
  },
  "root": "root",
  "version": 7
}
